
Microsoft Visual Studio Solution File, Format Version 12.00
# Visual Studio Version 16
VisualStudioVersion = 16.0.29215.179
MinimumVisualStudioVersion = 10.0.40219.1
Project("{FAE04EC0-301F-11D3-BF4B-00C04F79EFBC}") = "Calculator", "Calculator.csproj", "{9EE70DCD-FBB1-461C-A05F-9BA109E0A63B}"
EndProject
Global
	GlobalSection(SolutionConfigurationPlatforms) = preSolution
		Debug|Any CPU = Debug|Any CPU
		Release|Any CPU = Release|Any CPU
	EndGlobalSection
	GlobalSection(ProjectConfigurationPlatforms) = postSolution
		{9EE70DCD-FBB1-461C-A05F-9BA109E0A63B}.Debug|Any CPU.ActiveCfg = Debug|Any CPU
		{9EE70DCD-FBB1-461C-A05F-9BA109E0A63B}.Debug|Any CPU.Build.0 = Debug|Any CPU
		{9EE70DCD-FBB1-461C-A05F-9BA109E0A63B}.Release|Any CPU.ActiveCfg = Release|Any CPU
		{9EE70DCD-FBB1-461C-A05F-9BA109E0A63B}.Release|Any CPU.Build.0 = Release|Any CPU
	EndGlobalSection
	GlobalSection(SolutionProperties) = preSolution
		HideSolutionNode = FALSE
	EndGlobalSection
	GlobalSection(ExtensibilityGlobals) = postSolution
		SolutionGuid = {3CA1C0A2-5227-449E-8DBE-F3C00A81A331}
	EndGlobalSection
EndGlobal
